
Microsoft Visual Studio Solution File, Format Version 12.00
# Visual Studio Version 17
VisualStudioVersion = 17.8.34330.188
MinimumVisualStudioVersion = 10.0.40219.1
Project("{FAE04EC0-301F-11D3-BF4B-00C04F79EFBC}") = "faq_app", "faq_app.csproj", "{E9370C47-1E2A-445F-8536-8DB223BCE7D3}"
EndProject
Global
	GlobalSection(SolutionConfigurationPlatforms) = preSolution
		Debug|Any CPU = Debug|Any CPU
		Release|Any CPU = Release|Any CPU
	EndGlobalSection
	GlobalSection(ProjectConfigurationPlatforms) = postSolution
		{E9370C47-1E2A-445F-8536-8DB223BCE7D3}.Debug|Any CPU.ActiveCfg = Debug|Any CPU
		{E9370C47-1E2A-445F-8536-8DB223BCE7D3}.Debug|Any CPU.Build.0 = Debug|Any CPU
		{E9370C47-1E2A-445F-8536-8DB223BCE7D3}.Release|Any CPU.ActiveCfg = Release|Any CPU
		{E9370C47-1E2A-445F-8536-8DB223BCE7D3}.Release|Any CPU.Build.0 = Release|Any CPU
	EndGlobalSection
	GlobalSection(SolutionProperties) = preSolution
		HideSolutionNode = FALSE
	EndGlobalSection
	GlobalSection(ExtensibilityGlobals) = postSolution
		SolutionGuid = {73B5BB6C-41FC-4978-9B1F-2370475022E5}
	EndGlobalSection
EndGlobal
